
Microsoft Visual Studio Solution File, Format Version 12.00
# Visual Studio Version 17
VisualStudioVersion = 17.13.35919.96
MinimumVisualStudioVersion = 10.0.40219.1
Project("{FAE04EC0-301F-11D3-BF4B-00C04F79EFBC}") = "ReWear", "ReWear.csproj", "{07D0C1C2-C74D-47BE-BB83-0248D10397AB}"
EndProject
Project("{2150E333-8FDC-42A3-9474-1A3956D46DE8}") = "Domain", "Domain", "{02EA681E-C7D8-13C7-8484-4AC65E1B71E8}"
EndProject
Project("{2150E333-8FDC-42A3-9474-1A3956D46DE8}") = "Application", "Application", "{16F08EA0-1675-41B4-9AC6-55142ED93002}"
EndProject
Project("{2150E333-8FDC-42A3-9474-1A3956D46DE8}") = "Infrastructure", "Infrastructure", "{C9BE7C7E-9BF9-4EBB-867E-ADC3DA242A53}"
EndProject
Project("{2150E333-8FDC-42A3-9474-1A3956D46DE8}") = "WebAPI", "WebAPI", "{0AD356C2-A2C4-42AE-8D50-1CF7E9D66178}"
EndProject
Project("{FAE04EC0-301F-11D3-BF4B-00C04F79EFBC}") = "Domain", "..\Domain\Domain.csproj", "{D843677F-199F-4C1D-B469-32D2BEC56D21}"
EndProject
Project("{FAE04EC0-301F-11D3-BF4B-00C04F79EFBC}") = "Application", "..\Application\Application.csproj", "{6774BCAF-5EB3-4821-8EDC-64E3BE8CC85C}"
EndProject
Project("{FAE04EC0-301F-11D3-BF4B-00C04F79EFBC}") = "Infrastructure", "..\Infrastructure\Infrastructure.csproj", "{547B2E44-8285-46A6-A45D-988D120DD177}"
EndProject
Project("{2150E333-8FDC-42A3-9474-1A3956D46DE8}") = "src", "src", "{4BDB8395-E758-42BE-B8BC-71A48C0B8F0D}"
EndProject
Project("{2150E333-8FDC-42A3-9474-1A3956D46DE8}") = "tests", "tests", "{0C1280D2-6D41-4F18-A725-A90F2BCC6621}"
EndProject
Global
	GlobalSection(SolutionConfigurationPlatforms) = preSolution
		Debug|Any CPU = Debug|Any CPU
		Release|Any CPU = Release|Any CPU
	EndGlobalSection
	GlobalSection(ProjectConfigurationPlatforms) = postSolution
		{07D0C1C2-C74D-47BE-BB83-0248D10397AB}.Debug|Any CPU.ActiveCfg = Debug|Any CPU
		{07D0C1C2-C74D-47BE-BB83-0248D10397AB}.Debug|Any CPU.Build.0 = Debug|Any CPU
		{07D0C1C2-C74D-47BE-BB83-0248D10397AB}.Release|Any CPU.ActiveCfg = Release|Any CPU
		{07D0C1C2-C74D-47BE-BB83-0248D10397AB}.Release|Any CPU.Build.0 = Release|Any CPU
		{D843677F-199F-4C1D-B469-32D2BEC56D21}.Debug|Any CPU.ActiveCfg = Debug|Any CPU
		{D843677F-199F-4C1D-B469-32D2BEC56D21}.Debug|Any CPU.Build.0 = Debug|Any CPU
		{D843677F-199F-4C1D-B469-32D2BEC56D21}.Release|Any CPU.ActiveCfg = Release|Any CPU
		{D843677F-199F-4C1D-B469-32D2BEC56D21}.Release|Any CPU.Build.0 = Release|Any CPU
		{6774BCAF-5EB3-4821-8EDC-64E3BE8CC85C}.Debug|Any CPU.ActiveCfg = Debug|Any CPU
		{6774BCAF-5EB3-4821-8EDC-64E3BE8CC85C}.Debug|Any CPU.Build.0 = Debug|Any CPU
		{6774BCAF-5EB3-4821-8EDC-64E3BE8CC85C}.Release|Any CPU.ActiveCfg = Release|Any CPU
		{6774BCAF-5EB3-4821-8EDC-64E3BE8CC85C}.Release|Any CPU.Build.0 = Release|Any CPU
		{547B2E44-8285-46A6-A45D-988D120DD177}.Debug|Any CPU.ActiveCfg = Debug|Any CPU
		{547B2E44-8285-46A6-A45D-988D120DD177}.Debug|Any CPU.Build.0 = Debug|Any CPU
		{547B2E44-8285-46A6-A45D-988D120DD177}.Release|Any CPU.ActiveCfg = Release|Any CPU
		{547B2E44-8285-46A6-A45D-988D120DD177}.Release|Any CPU.Build.0 = Release|Any CPU
	EndGlobalSection
	GlobalSection(SolutionProperties) = preSolution
		HideSolutionNode = FALSE
	EndGlobalSection
	GlobalSection(NestedProjects) = preSolution
		{07D0C1C2-C74D-47BE-BB83-0248D10397AB} = {0AD356C2-A2C4-42AE-8D50-1CF7E9D66178}
		{02EA681E-C7D8-13C7-8484-4AC65E1B71E8} = {4BDB8395-E758-42BE-B8BC-71A48C0B8F0D}
		{16F08EA0-1675-41B4-9AC6-55142ED93002} = {4BDB8395-E758-42BE-B8BC-71A48C0B8F0D}
		{C9BE7C7E-9BF9-4EBB-867E-ADC3DA242A53} = {4BDB8395-E758-42BE-B8BC-71A48C0B8F0D}
		{0AD356C2-A2C4-42AE-8D50-1CF7E9D66178} = {4BDB8395-E758-42BE-B8BC-71A48C0B8F0D}
		{D843677F-199F-4C1D-B469-32D2BEC56D21} = {02EA681E-C7D8-13C7-8484-4AC65E1B71E8}
		{6774BCAF-5EB3-4821-8EDC-64E3BE8CC85C} = {16F08EA0-1675-41B4-9AC6-55142ED93002}
		{547B2E44-8285-46A6-A45D-988D120DD177} = {C9BE7C7E-9BF9-4EBB-867E-ADC3DA242A53}
	EndGlobalSection
	GlobalSection(ExtensibilityGlobals) = postSolution
		SolutionGuid = {A34BF58C-D934-4DEB-A4A3-EC98B647E5C7}
	EndGlobalSection
EndGlobal
